
Microsoft Visual Studio Solution File, Format Version 12.00
# Visual Studio Version 16
VisualStudioVersion = 16.0.29424.173
MinimumVisualStudioVersion = 10.0.40219.1
Project("{9A19103F-16F7-4668-BE54-9A1E7A4F7556}") = "testingtheviewmodel", "testingtheviewmodel\testingtheviewmodel\testingtheviewmodel.csproj", "{E6F6206F-83AB-4E33-A646-3FBE0619585D}"
EndProject
Project("{FAE04EC0-301F-11D3-BF4B-00C04F79EFBC}") = "testingtheviewmodel.Android", "testingtheviewmodel\testingtheviewmodel.Android\testingtheviewmodel.Android.csproj", "{E5F230B9-4195-4836-91DE-DAF466D724D2}"
EndProject
Project("{FAE04EC0-301F-11D3-BF4B-00C04F79EFBC}") = "testingtheviewmodel.iOS", "testingtheviewmodel\testingtheviewmodel.iOS\testingtheviewmodel.iOS.csproj", "{27B0A724-F13D-460E-A4FB-BB3E2B936ACC}"
EndProject
Project("{2150E333-8FDC-42A3-9474-1A3956D46DE8}") = "src", "src", "{981FFA69-CFA0-4B2D-A05C-0A9120182563}"
EndProject
Project("{2150E333-8FDC-42A3-9474-1A3956D46DE8}") = "test", "test", "{2DCB071D-856F-4655-BD98-79D0D2796B11}"
EndProject
Project("{FAE04EC0-301F-11D3-BF4B-00C04F79EFBC}") = "testingtheviewmodel.UITests", "testingtheviewmodel.UITests\testingtheviewmodel.UITests.csproj", "{E5A62047-3F00-4839-9BB8-89E9CEB576D8}"
EndProject
Project("{FAE04EC0-301F-11D3-BF4B-00C04F79EFBC}") = "testingtheviewmodel.UnitTests", "testingtheviewmodel.UnitTests\testingtheviewmodel.UnitTests.csproj", "{6FF43BD3-945E-4A8E-A20D-527B175C2900}"
EndProject
Global
	GlobalSection(SolutionConfigurationPlatforms) = preSolution
		Ad-Hoc|Any CPU = Ad-Hoc|Any CPU
		Ad-Hoc|iPhone = Ad-Hoc|iPhone
		Ad-Hoc|iPhoneSimulator = Ad-Hoc|iPhoneSimulator
		AppStore|Any CPU = AppStore|Any CPU
		AppStore|iPhone = AppStore|iPhone
		AppStore|iPhoneSimulator = AppStore|iPhoneSimulator
		Debug|Any CPU = Debug|Any CPU
		Debug|iPhone = Debug|iPhone
		Debug|iPhoneSimulator = Debug|iPhoneSimulator
		Release|Any CPU = Release|Any CPU
		Release|iPhone = Release|iPhone
		Release|iPhoneSimulator = Release|iPhoneSimulator
	EndGlobalSection
	GlobalSection(ProjectConfigurationPlatforms) = postSolution
		{E6F6206F-83AB-4E33-A646-3FBE0619585D}.Ad-Hoc|Any CPU.ActiveCfg = Release|Any CPU
		{E6F6206F-83AB-4E33-A646-3FBE0619585D}.Ad-Hoc|Any CPU.Build.0 = Release|Any CPU
		{E6F6206F-83AB-4E33-A646-3FBE0619585D}.Ad-Hoc|iPhone.ActiveCfg = Debug|Any CPU
		{E6F6206F-83AB-4E33-A646-3FBE0619585D}.Ad-Hoc|iPhone.Build.0 = Debug|Any CPU
		{E6F6206F-83AB-4E33-A646-3FBE0619585D}.Ad-Hoc|iPhoneSimulator.ActiveCfg = Release|Any CPU
		{E6F6206F-83AB-4E33-A646-3FBE0619585D}.Ad-Hoc|iPhoneSimulator.Build.0 = Release|Any CPU
		{E6F6206F-83AB-4E33-A646-3FBE0619585D}.AppStore|Any CPU.ActiveCfg = Release|Any CPU
		{E6F6206F-83AB-4E33-A646-3FBE0619585D}.AppStore|Any CPU.Build.0 = Release|Any CPU
		{E6F6206F-83AB-4E33-A646-3FBE0619585D}.AppStore|iPhone.ActiveCfg = Debug|Any CPU
		{E6F6206F-83AB-4E33-A646-3FBE0619585D}.AppStore|iPhone.Build.0 = Debug|Any CPU
		{E6F6206F-83AB-4E33-A646-3FBE0619585D}.AppStore|iPhoneSimulator.ActiveCfg = Release|Any CPU
		{E6F6206F-83AB-4E33-A646-3FBE0619585D}.AppStore|iPhoneSimulator.Build.0 = Release|Any CPU
		{E6F6206F-83AB-4E33-A646-3FBE0619585D}.Debug|Any CPU.ActiveCfg = Debug|Any CPU
		{E6F6206F-83AB-4E33-A646-3FBE0619585D}.Debug|Any CPU.Build.0 = Debug|Any CPU
		{E6F6206F-83AB-4E33-A646-3FBE0619585D}.Debug|iPhone.ActiveCfg = Debug|Any CPU
		{E6F6206F-83AB-4E33-A646-3FBE0619585D}.Debug|iPhone.Build.0 = Debug|Any CPU
		{E6F6206F-83AB-4E33-A646-3FBE0619585D}.Debug|iPhoneSimulator.ActiveCfg = Debug|Any CPU
		{E6F6206F-83AB-4E33-A646-3FBE0619585D}.Debug|iPhoneSimulator.Build.0 = Debug|Any CPU
		{E6F6206F-83AB-4E33-A646-3FBE0619585D}.Release|Any CPU.ActiveCfg = Release|Any CPU
		{E6F6206F-83AB-4E33-A646-3FBE0619585D}.Release|Any CPU.Build.0 = Release|Any CPU
		{E6F6206F-83AB-4E33-A646-3FBE0619585D}.Release|iPhone.ActiveCfg = Release|Any CPU
		{E6F6206F-83AB-4E33-A646-3FBE0619585D}.Release|iPhone.Build.0 = Release|Any CPU
		{E6F6206F-83AB-4E33-A646-3FBE0619585D}.Release|iPhoneSimulator.ActiveCfg = Release|Any CPU
		{E6F6206F-83AB-4E33-A646-3FBE0619585D}.Release|iPhoneSimulator.Build.0 = Release|Any CPU
		{E5F230B9-4195-4836-91DE-DAF466D724D2}.Ad-Hoc|Any CPU.ActiveCfg = Release|Any CPU
		{E5F230B9-4195-4836-91DE-DAF466D724D2}.Ad-Hoc|Any CPU.Build.0 = Release|Any CPU
		{E5F230B9-4195-4836-91DE-DAF466D724D2}.Ad-Hoc|Any CPU.Deploy.0 = Release|Any CPU
		{E5F230B9-4195-4836-91DE-DAF466D724D2}.Ad-Hoc|iPhone.ActiveCfg = Debug|Any CPU
		{E5F230B9-4195-4836-91DE-DAF466D724D2}.Ad-Hoc|iPhone.Build.0 = Debug|Any CPU
		{E5F230B9-4195-4836-91DE-DAF466D724D2}.Ad-Hoc|iPhone.Deploy.0 = Debug|Any CPU
		{E5F230B9-4195-4836-91DE-DAF466D724D2}.Ad-Hoc|iPhoneSimulator.ActiveCfg = Release|Any CPU
		{E5F230B9-4195-4836-91DE-DAF466D724D2}.Ad-Hoc|iPhoneSimulator.Build.0 = Release|Any CPU
		{E5F230B9-4195-4836-91DE-DAF466D724D2}.Ad-Hoc|iPhoneSimulator.Deploy.0 = Release|Any CPU
		{E5F230B9-4195-4836-91DE-DAF466D724D2}.AppStore|Any CPU.ActiveCfg = Release|Any CPU
		{E5F230B9-4195-4836-91DE-DAF466D724D2}.AppStore|Any CPU.Build.0 = Release|Any CPU
		{E5F230B9-4195-4836-91DE-DAF466D724D2}.AppStore|Any CPU.Deploy.0 = Release|Any CPU
		{E5F230B9-4195-4836-91DE-DAF466D724D2}.AppStore|iPhone.ActiveCfg = Debug|Any CPU
		{E5F230B9-4195-4836-91DE-DAF466D724D2}.AppStore|iPhone.Build.0 = Debug|Any CPU
		{E5F230B9-4195-4836-91DE-DAF466D724D2}.AppStore|iPhone.Deploy.0 = Debug|Any CPU
		{E5F230B9-4195-4836-91DE-DAF466D724D2}.AppStore|iPhoneSimulator.ActiveCfg = Release|Any CPU
		{E5F230B9-4195-4836-91DE-DAF466D724D2}.AppStore|iPhoneSimulator.Build.0 = Release|Any CPU
		{E5F230B9-4195-4836-91DE-DAF466D724D2}.AppStore|iPhoneSimulator.Deploy.0 = Release|Any CPU
		{E5F230B9-4195-4836-91DE-DAF466D724D2}.Debug|Any CPU.ActiveCfg = Debug|Any CPU
		{E5F230B9-4195-4836-91DE-DAF466D724D2}.Debug|Any CPU.Build.0 = Debug|Any CPU
		{E5F230B9-4195-4836-91DE-DAF466D724D2}.Debug|Any CPU.Deploy.0 = Debug|Any CPU
		{E5F230B9-4195-4836-91DE-DAF466D724D2}.Debug|iPhone.ActiveCfg = Debug|Any CPU
		{E5F230B9-4195-4836-91DE-DAF466D724D2}.Debug|iPhone.Build.0 = Debug|Any CPU
		{E5F230B9-4195-4836-91DE-DAF466D724D2}.Debug|iPhone.Deploy.0 = Debug|Any CPU
		{E5F230B9-4195-4836-91DE-DAF466D724D2}.Debug|iPhoneSimulator.ActiveCfg = Debug|Any CPU
		{E5F230B9-4195-4836-91DE-DAF466D724D2}.Debug|iPhoneSimulator.Build.0 = Debug|Any CPU
		{E5F230B9-4195-4836-91DE-DAF466D724D2}.Debug|iPhoneSimulator.Deploy.0 = Debug|Any CPU
		{E5F230B9-4195-4836-91DE-DAF466D724D2}.Release|Any CPU.ActiveCfg = Release|Any CPU
		{E5F230B9-4195-4836-91DE-DAF466D724D2}.Release|Any CPU.Build.0 = Release|Any CPU
		{E5F230B9-4195-4836-91DE-DAF466D724D2}.Release|Any CPU.Deploy.0 = Release|Any CPU
		{E5F230B9-4195-4836-91DE-DAF466D724D2}.Release|iPhone.ActiveCfg = Release|Any CPU
		{E5F230B9-4195-4836-91DE-DAF466D724D2}.Release|iPhone.Build.0 = Release|Any CPU
		{E5F230B9-4195-4836-91DE-DAF466D724D2}.Release|iPhone.Deploy.0 = Release|Any CPU
		{E5F230B9-4195-4836-91DE-DAF466D724D2}.Release|iPhoneSimulator.ActiveCfg = Release|Any CPU
		{E5F230B9-4195-4836-91DE-DAF466D724D2}.Release|iPhoneSimulator.Build.0 = Release|Any CPU
		{E5F230B9-4195-4836-91DE-DAF466D724D2}.Release|iPhoneSimulator.Deploy.0 = Release|Any CPU
		{27B0A724-F13D-460E-A4FB-BB3E2B936ACC}.Ad-Hoc|Any CPU.ActiveCfg = Ad-Hoc|iPhoneSimulator
		{27B0A724-F13D-460E-A4FB-BB3E2B936ACC}.Ad-Hoc|iPhone.ActiveCfg = Ad-Hoc|iPhone
		{27B0A724-F13D-460E-A4FB-BB3E2B936ACC}.Ad-Hoc|iPhone.Build.0 = Ad-Hoc|iPhone
		{27B0A724-F13D-460E-A4FB-BB3E2B936ACC}.Ad-Hoc|iPhone.Deploy.0 = Ad-Hoc|iPhone
		{27B0A724-F13D-460E-A4FB-BB3E2B936ACC}.Ad-Hoc|iPhoneSimulator.ActiveCfg = Ad-Hoc|iPhoneSimulator
		{27B0A724-F13D-460E-A4FB-BB3E2B936ACC}.Ad-Hoc|iPhoneSimulator.Build.0 = Ad-Hoc|iPhoneSimulator
		{27B0A724-F13D-460E-A4FB-BB3E2B936ACC}.AppStore|Any CPU.ActiveCfg = AppStore|iPhoneSimulator
		{27B0A724-F13D-460E-A4FB-BB3E2B936ACC}.AppStore|iPhone.ActiveCfg = AppStore|iPhone
		{27B0A724-F13D-460E-A4FB-BB3E2B936ACC}.AppStore|iPhone.Build.0 = AppStore|iPhone
		{27B0A724-F13D-460E-A4FB-BB3E2B936ACC}.AppStore|iPhone.Deploy.0 = AppStore|iPhone
		{27B0A724-F13D-460E-A4FB-BB3E2B936ACC}.AppStore|iPhoneSimulator.ActiveCfg = AppStore|iPhoneSimulator
		{27B0A724-F13D-460E-A4FB-BB3E2B936ACC}.AppStore|iPhoneSimulator.Build.0 = AppStore|iPhoneSimulator
		{27B0A724-F13D-460E-A4FB-BB3E2B936ACC}.Debug|Any CPU.ActiveCfg = Debug|iPhoneSimulator
		{27B0A724-F13D-460E-A4FB-BB3E2B936ACC}.Debug|Any CPU.Build.0 = Debug|iPhoneSimulator
		{27B0A724-F13D-460E-A4FB-BB3E2B936ACC}.Debug|Any CPU.Deploy.0 = Debug|iPhoneSimulator
		{27B0A724-F13D-460E-A4FB-BB3E2B936ACC}.Debug|iPhone.ActiveCfg = Debug|iPhone
		{27B0A724-F13D-460E-A4FB-BB3E2B936ACC}.Debug|iPhone.Build.0 = Debug|iPhone
		{27B0A724-F13D-460E-A4FB-BB3E2B936ACC}.Debug|iPhone.Deploy.0 = Debug|iPhone
		{27B0A724-F13D-460E-A4FB-BB3E2B936ACC}.Debug|iPhoneSimulator.ActiveCfg = Debug|iPhoneSimulator
		{27B0A724-F13D-460E-A4FB-BB3E2B936ACC}.Debug|iPhoneSimulator.Build.0 = Debug|iPhoneSimulator
		{27B0A724-F13D-460E-A4FB-BB3E2B936ACC}.Debug|iPhoneSimulator.Deploy.0 = Debug|iPhoneSimulator
		{27B0A724-F13D-460E-A4FB-BB3E2B936ACC}.Release|Any CPU.ActiveCfg = Release|iPhoneSimulator
		{27B0A724-F13D-460E-A4FB-BB3E2B936ACC}.Release|Any CPU.Build.0 = Release|iPhoneSimulator
		{27B0A724-F13D-460E-A4FB-BB3E2B936ACC}.Release|Any CPU.Deploy.0 = Release|iPhoneSimulator
		{27B0A724-F13D-460E-A4FB-BB3E2B936ACC}.Release|iPhone.ActiveCfg = Release|iPhone
		{27B0A724-F13D-460E-A4FB-BB3E2B936ACC}.Release|iPhone.Build.0 = Release|iPhone
		{27B0A724-F13D-460E-A4FB-BB3E2B936ACC}.Release|iPhone.Deploy.0 = Release|iPhone
		{27B0A724-F13D-460E-A4FB-BB3E2B936ACC}.Release|iPhoneSimulator.ActiveCfg = Release|iPhoneSimulator
		{27B0A724-F13D-460E-A4FB-BB3E2B936ACC}.Release|iPhoneSimulator.Build.0 = Release|iPhoneSimulator
		{27B0A724-F13D-460E-A4FB-BB3E2B936ACC}.Release|iPhoneSimulator.Deploy.0 = Release|iPhoneSimulator
		{E5A62047-3F00-4839-9BB8-89E9CEB576D8}.Ad-Hoc|Any CPU.ActiveCfg = Release|Any CPU
		{E5A62047-3F00-4839-9BB8-89E9CEB576D8}.Ad-Hoc|Any CPU.Build.0 = Release|Any CPU
		{E5A62047-3F00-4839-9BB8-89E9CEB576D8}.Ad-Hoc|iPhone.ActiveCfg = Debug|Any CPU
		{E5A62047-3F00-4839-9BB8-89E9CEB576D8}.Ad-Hoc|iPhone.Build.0 = Debug|Any CPU
		{E5A62047-3F00-4839-9BB8-89E9CEB576D8}.Ad-Hoc|iPhoneSimulator.ActiveCfg = Release|Any CPU
		{E5A62047-3F00-4839-9BB8-89E9CEB576D8}.Ad-Hoc|iPhoneSimulator.Build.0 = Release|Any CPU
		{E5A62047-3F00-4839-9BB8-89E9CEB576D8}.AppStore|Any CPU.ActiveCfg = Release|Any CPU
		{E5A62047-3F00-4839-9BB8-89E9CEB576D8}.AppStore|Any CPU.Build.0 = Release|Any CPU
		{E5A62047-3F00-4839-9BB8-89E9CEB576D8}.AppStore|iPhone.ActiveCfg = Debug|Any CPU
		{E5A62047-3F00-4839-9BB8-89E9CEB576D8}.AppStore|iPhone.Build.0 = Debug|Any CPU
		{E5A62047-3F00-4839-9BB8-89E9CEB576D8}.AppStore|iPhoneSimulator.ActiveCfg = Release|Any CPU
		{E5A62047-3F00-4839-9BB8-89E9CEB576D8}.AppStore|iPhoneSimulator.Build.0 = Release|Any CPU
		{E5A62047-3F00-4839-9BB8-89E9CEB576D8}.Debug|Any CPU.ActiveCfg = Debug|Any CPU
		{E5A62047-3F00-4839-9BB8-89E9CEB576D8}.Debug|Any CPU.Build.0 = Debug|Any CPU
		{E5A62047-3F00-4839-9BB8-89E9CEB576D8}.Debug|iPhone.ActiveCfg = Debug|Any CPU
		{E5A62047-3F00-4839-9BB8-89E9CEB576D8}.Debug|iPhone.Build.0 = Debug|Any CPU
		{E5A62047-3F00-4839-9BB8-89E9CEB576D8}.Debug|iPhoneSimulator.ActiveCfg = Debug|Any CPU
		{E5A62047-3F00-4839-9BB8-89E9CEB576D8}.Debug|iPhoneSimulator.Build.0 = Debug|Any CPU
		{E5A62047-3F00-4839-9BB8-89E9CEB576D8}.Release|Any CPU.ActiveCfg = Release|Any CPU
		{E5A62047-3F00-4839-9BB8-89E9CEB576D8}.Release|Any CPU.Build.0 = Release|Any CPU
		{E5A62047-3F00-4839-9BB8-89E9CEB576D8}.Release|iPhone.ActiveCfg = Release|Any CPU
		{E5A62047-3F00-4839-9BB8-89E9CEB576D8}.Release|iPhone.Build.0 = Release|Any CPU
		{E5A62047-3F00-4839-9BB8-89E9CEB576D8}.Release|iPhoneSimulator.ActiveCfg = Release|Any CPU
		{E5A62047-3F00-4839-9BB8-89E9CEB576D8}.Release|iPhoneSimulator.Build.0 = Release|Any CPU
		{6FF43BD3-945E-4A8E-A20D-527B175C2900}.Ad-Hoc|Any CPU.ActiveCfg = Debug|Any CPU
		{6FF43BD3-945E-4A8E-A20D-527B175C2900}.Ad-Hoc|Any CPU.Build.0 = Debug|Any CPU
		{6FF43BD3-945E-4A8E-A20D-527B175C2900}.Ad-Hoc|iPhone.ActiveCfg = Debug|Any CPU
		{6FF43BD3-945E-4A8E-A20D-527B175C2900}.Ad-Hoc|iPhone.Build.0 = Debug|Any CPU
		{6FF43BD3-945E-4A8E-A20D-527B175C2900}.Ad-Hoc|iPhoneSimulator.ActiveCfg = Debug|Any CPU
		{6FF43BD3-945E-4A8E-A20D-527B175C2900}.Ad-Hoc|iPhoneSimulator.Build.0 = Debug|Any CPU
		{6FF43BD3-945E-4A8E-A20D-527B175C2900}.AppStore|Any CPU.ActiveCfg = Debug|Any CPU
		{6FF43BD3-945E-4A8E-A20D-527B175C2900}.AppStore|Any CPU.Build.0 = Debug|Any CPU
		{6FF43BD3-945E-4A8E-A20D-527B175C2900}.AppStore|iPhone.ActiveCfg = Debug|Any CPU
		{6FF43BD3-945E-4A8E-A20D-527B175C2900}.AppStore|iPhone.Build.0 = Debug|Any CPU
		{6FF43BD3-945E-4A8E-A20D-527B175C2900}.AppStore|iPhoneSimulator.ActiveCfg = Debug|Any CPU
		{6FF43BD3-945E-4A8E-A20D-527B175C2900}.AppStore|iPhoneSimulator.Build.0 = Debug|Any CPU
		{6FF43BD3-945E-4A8E-A20D-527B175C2900}.Debug|Any CPU.ActiveCfg = Debug|Any CPU
		{6FF43BD3-945E-4A8E-A20D-527B175C2900}.Debug|Any CPU.Build.0 = Debug|Any CPU
		{6FF43BD3-945E-4A8E-A20D-527B175C2900}.Debug|iPhone.ActiveCfg = Debug|Any CPU
		{6FF43BD3-945E-4A8E-A20D-527B175C2900}.Debug|iPhone.Build.0 = Debug|Any CPU
		{6FF43BD3-945E-4A8E-A20D-527B175C2900}.Debug|iPhoneSimulator.ActiveCfg = Debug|Any CPU
		{6FF43BD3-945E-4A8E-A20D-527B175C2900}.Debug|iPhoneSimulator.Build.0 = Debug|Any CPU
		{6FF43BD3-945E-4A8E-A20D-527B175C2900}.Release|Any CPU.ActiveCfg = Release|Any CPU
		{6FF43BD3-945E-4A8E-A20D-527B175C2900}.Release|Any CPU.Build.0 = Release|Any CPU
		{6FF43BD3-945E-4A8E-A20D-527B175C2900}.Release|iPhone.ActiveCfg = Release|Any CPU
		{6FF43BD3-945E-4A8E-A20D-527B175C2900}.Release|iPhone.Build.0 = Release|Any CPU
		{6FF43BD3-945E-4A8E-A20D-527B175C2900}.Release|iPhoneSimulator.ActiveCfg = Release|Any CPU
		{6FF43BD3-945E-4A8E-A20D-527B175C2900}.Release|iPhoneSimulator.Build.0 = Release|Any CPU
	EndGlobalSection
	GlobalSection(SolutionProperties) = preSolution
		HideSolutionNode = FALSE
	EndGlobalSection
	GlobalSection(NestedProjects) = preSolution
		{E6F6206F-83AB-4E33-A646-3FBE0619585D} = {981FFA69-CFA0-4B2D-A05C-0A9120182563}
		{E5F230B9-4195-4836-91DE-DAF466D724D2} = {981FFA69-CFA0-4B2D-A05C-0A9120182563}
		{27B0A724-F13D-460E-A4FB-BB3E2B936ACC} = {981FFA69-CFA0-4B2D-A05C-0A9120182563}
		{E5A62047-3F00-4839-9BB8-89E9CEB576D8} = {2DCB071D-856F-4655-BD98-79D0D2796B11}
		{6FF43BD3-945E-4A8E-A20D-527B175C2900} = {2DCB071D-856F-4655-BD98-79D0D2796B11}
	EndGlobalSection
	GlobalSection(ExtensibilityGlobals) = postSolution
		SolutionGuid = {9ABFD714-63A5-4948-AE0C-43369C0E315C}
	EndGlobalSection
EndGlobal
